
Microsoft Visual Studio Solution File, Format Version 12.00
# Visual Studio 15
VisualStudioVersion = 15.0.28010.2016
MinimumVisualStudioVersion = 10.0.40219.1
Project("{FAE04EC0-301F-11D3-BF4B-00C04F79EFBC}") = "VueContactsAPI", "VueContactsAPI\VueContactsAPI.csproj", "{FDED3757-9962-40BB-A963-59F7B22E83A2}"
EndProject
Global
	GlobalSection(SolutionConfigurationPlatforms) = preSolution
		Debug|Any CPU = Debug|Any CPU
		Release|Any CPU = Release|Any CPU
	EndGlobalSection
	GlobalSection(ProjectConfigurationPlatforms) = postSolution
		{FDED3757-9962-40BB-A963-59F7B22E83A2}.Debug|Any CPU.ActiveCfg = Debug|Any CPU
		{FDED3757-9962-40BB-A963-59F7B22E83A2}.Debug|Any CPU.Build.0 = Debug|Any CPU
		{FDED3757-9962-40BB-A963-59F7B22E83A2}.Release|Any CPU.ActiveCfg = Release|Any CPU
		{FDED3757-9962-40BB-A963-59F7B22E83A2}.Release|Any CPU.Build.0 = Release|Any CPU
	EndGlobalSection
	GlobalSection(SolutionProperties) = preSolution
		HideSolutionNode = FALSE
	EndGlobalSection
	GlobalSection(ExtensibilityGlobals) = postSolution
		SolutionGuid = {74BD094B-2B11-4CA9-A0BA-D52A7AED736C}
	EndGlobalSection
EndGlobal
